// !$*UTF8*$!
{
	archiveVersion = 1;
	classes = {
	};
	objectVersion = 46;
	objects = {

/* Begin PBXBuildFile section */
		208D2EF187EE1F2BEB034A74 /* libPods-iOSAppFrame.a in Frameworks */ = {isa = PBXBuildFile; fileRef = A40F6E375C08BE7C14326883 /* libPods-iOSAppFrame.a */; };
		5910960B1F02460A00958937 /* UIViewController+XLBubbleTransition.m in Sources */ = {isa = PBXBuildFile; fileRef = 591096081F02460A00958937 /* UIViewController+XLBubbleTransition.m */; };
		5910960C1F02460A00958937 /* XLBubbleTransition.m in Sources */ = {isa = PBXBuildFile; fileRef = 5910960A1F02460A00958937 /* XLBubbleTransition.m */; };
		591096121F0259EC00958937 /* XLWave.m in Sources */ = {isa = PBXBuildFile; fileRef = 5910960F1F0259EC00958937 /* XLWave.m */; };
		591096131F0259EC00958937 /* XLWaveProgress.m in Sources */ = {isa = PBXBuildFile; fileRef = 591096111F0259EC00958937 /* XLWaveProgress.m */; };
		5910961D1F0265F200958937 /* XLImageLoading.m in Sources */ = {isa = PBXBuildFile; fileRef = 591096161F0265F200958937 /* XLImageLoading.m */; };
		5910961E1F0265F200958937 /* XLImageViewer.m in Sources */ = {isa = PBXBuildFile; fileRef = 591096181F0265F200958937 /* XLImageViewer.m */; };
		5910961F1F0265F200958937 /* XLImageViewerItem.m in Sources */ = {isa = PBXBuildFile; fileRef = 5910961A1F0265F200958937 /* XLImageViewerItem.m */; };
		591096201F0265F200958937 /* XLImageViewerTooBar.m in Sources */ = {isa = PBXBuildFile; fileRef = 5910961C1F0265F200958937 /* XLImageViewerTooBar.m */; };
		591096231F02674400958937 /* ImageCell.m in Sources */ = {isa = PBXBuildFile; fileRef = 591096221F02674400958937 /* ImageCell.m */; };
		591096291F033A8000958937 /* V5LoadingHUD.m in Sources */ = {isa = PBXBuildFile; fileRef = 591096261F033A8000958937 /* V5LoadingHUD.m */; };
		5910962A1F033A8000958937 /* V5LoadingSuccessHUD.m in Sources */ = {isa = PBXBuildFile; fileRef = 591096281F033A8000958937 /* V5LoadingSuccessHUD.m */; };
		5910962E1F034FD900958937 /* CustomBezierView.m in Sources */ = {isa = PBXBuildFile; fileRef = 5910962D1F034FD900958937 /* CustomBezierView.m */; };
		591096441F05FF4700958937 /* AnimationsTableViewController.m in Sources */ = {isa = PBXBuildFile; fileRef = 591096421F05FF4700958937 /* AnimationsTableViewController.m */; };
		591096451F05FF4700958937 /* AnimationsTableViewController.xib in Resources */ = {isa = PBXBuildFile; fileRef = 591096431F05FF4700958937 /* AnimationsTableViewController.xib */; };
		5910964A1F0603B500958937 /* HYXibView.m in Sources */ = {isa = PBXBuildFile; fileRef = 591096491F0603B500958937 /* HYXibView.m */; };
		591096501F063A4200958937 /* ProgressAnimViewController.m in Sources */ = {isa = PBXBuildFile; fileRef = 5910964F1F063A4200958937 /* ProgressAnimViewController.m */; };
		591096541F074CAE00958937 /* ImageScrollView.m in Sources */ = {isa = PBXBuildFile; fileRef = 591096531F074CAE00958937 /* ImageScrollView.m */; };
		5910965C1F0759A100958937 /* HostCollectionViewCell.m in Sources */ = {isa = PBXBuildFile; fileRef = 5910965B1F0759A100958937 /* HostCollectionViewCell.m */; };
		5910965F1F07732200958937 /* HostHeaderCollectionReusableView.m in Sources */ = {isa = PBXBuildFile; fileRef = 5910965E1F07732200958937 /* HostHeaderCollectionReusableView.m */; };
		591096631F07758F00958937 /* HYSearchBar.m in Sources */ = {isa = PBXBuildFile; fileRef = 591096621F07758F00958937 /* HYSearchBar.m */; };
		591096661F07775900958937 /* HYSearchBarView.m in Sources */ = {isa = PBXBuildFile; fileRef = 591096651F07775900958937 /* HYSearchBarView.m */; };
		591096691F0782D000958937 /* HostHeaderCollectionViewCell.m in Sources */ = {isa = PBXBuildFile; fileRef = 591096681F0782D000958937 /* HostHeaderCollectionViewCell.m */; };
		5910966C1F078B4B00958937 /* HYCollectionCarouselView.m in Sources */ = {isa = PBXBuildFile; fileRef = 5910966B1F078B4B00958937 /* HYCollectionCarouselView.m */; };
		5910966F1F078C8600958937 /* HYCarouselViewCell.m in Sources */ = {isa = PBXBuildFile; fileRef = 5910966E1F078C8600958937 /* HYCarouselViewCell.m */; };
		591096721F09EA5900958937 /* HYTabBar.m in Sources */ = {isa = PBXBuildFile; fileRef = 591096711F09EA5900958937 /* HYTabBar.m */; };
		591096751F0A1C4700958937 /* IBDesigbableImageview.m in Sources */ = {isa = PBXBuildFile; fileRef = 591096741F0A1C4700958937 /* IBDesigbableImageview.m */; };
		5910967B1F0A39A100958937 /* HostCollectionViewFlowLayout.m in Sources */ = {isa = PBXBuildFile; fileRef = 5910967A1F0A39A100958937 /* HostCollectionViewFlowLayout.m */; };
		5910967E1F0B432700958937 /* HostSearchViewController.m in Sources */ = {isa = PBXBuildFile; fileRef = 5910967D1F0B432700958937 /* HostSearchViewController.m */; };
		591096811F0B4B7F00958937 /* HostSearchWordsTableViewCell.m in Sources */ = {isa = PBXBuildFile; fileRef = 591096801F0B4B7F00958937 /* HostSearchWordsTableViewCell.m */; };
		5910969B1F0BF4B400958937 /* NSBundle+Language.m in Sources */ = {isa = PBXBuildFile; fileRef = 591096841F0BF4B400958937 /* NSBundle+Language.m */; };
		5910969C1F0BF4B400958937 /* NSDate+Utils.m in Sources */ = {isa = PBXBuildFile; fileRef = 591096861F0BF4B400958937 /* NSDate+Utils.m */; };
		5910969D1F0BF4B400958937 /* NSObject+CRKVO.m in Sources */ = {isa = PBXBuildFile; fileRef = 591096881F0BF4B400958937 /* NSObject+CRKVO.m */; };
		5910969E1F0BF4B400958937 /* NSObject+Dictionary.m in Sources */ = {isa = PBXBuildFile; fileRef = 5910968A1F0BF4B400958937 /* NSObject+Dictionary.m */; };
		5910969F1F0BF4B400958937 /* NSObject+ObjectDealloc.m in Sources */ = {isa = PBXBuildFile; fileRef = 5910968C1F0BF4B400958937 /* NSObject+ObjectDealloc.m */; };
		591096A01F0BF4B400958937 /* UIButton+Color.m in Sources */ = {isa = PBXBuildFile; fileRef = 5910968E1F0BF4B400958937 /* UIButton+Color.m */; };
		591096A11F0BF4B400958937 /* UIGestureRecognizer+Block.m in Sources */ = {isa = PBXBuildFile; fileRef = 591096901F0BF4B400958937 /* UIGestureRecognizer+Block.m */; };
		591096A21F0BF4B400958937 /* UIImage+CornerRadius.m in Sources */ = {isa = PBXBuildFile; fileRef = 591096921F0BF4B400958937 /* UIImage+CornerRadius.m */; };
		591096A31F0BF4B400958937 /* UITableView+Scroll.m in Sources */ = {isa = PBXBuildFile; fileRef = 591096941F0BF4B400958937 /* UITableView+Scroll.m */; };
		591096A41F0BF4B400958937 /* UIView+ExtendTouchRect.m in Sources */ = {isa = PBXBuildFile; fileRef = 591096961F0BF4B400958937 /* UIView+ExtendTouchRect.m */; };
		591096A51F0BF4B400958937 /* UIView+HYExtension.m in Sources */ = {isa = PBXBuildFile; fileRef = 591096981F0BF4B400958937 /* UIView+HYExtension.m */; };
		591096A61F0BF4B400958937 /* UIViewController+NIB.m in Sources */ = {isa = PBXBuildFile; fileRef = 5910969A1F0BF4B400958937 /* UIViewController+NIB.m */; };
		591096CE1F0BF54700958937 /* User.m in Sources */ = {isa = PBXBuildFile; fileRef = 591096CD1F0BF54700958937 /* User.m */; };
		591096D21F0BF5E600958937 /* User+Extensions.m in Sources */ = {isa = PBXBuildFile; fileRef = 591096D11F0BF5E600958937 /* User+Extensions.m */; };
		596DA2411EFCA3AC00829617 /* main.m in Sources */ = {isa = PBXBuildFile; fileRef = 596DA2401EFCA3AC00829617 /* main.m */; };
		596DA2441EFCA3AC00829617 /* AppDelegate.m in Sources */ = {isa = PBXBuildFile; fileRef = 596DA2431EFCA3AC00829617 /* AppDelegate.m */; };
		596DA2471EFCA3AC00829617 /* ViewController.m in Sources */ = {isa = PBXBuildFile; fileRef = 596DA2461EFCA3AC00829617 /* ViewController.m */; };
		596DA24A1EFCA3AC00829617 /* Main.storyboard in Resources */ = {isa = PBXBuildFile; fileRef = 596DA2481EFCA3AC00829617 /* Main.storyboard */; };
		596DA24C1EFCA3AC00829617 /* Assets.xcassets in Resources */ = {isa = PBXBuildFile; fileRef = 596DA24B1EFCA3AC00829617 /* Assets.xcassets */; };
		596DA24F1EFCA3AC00829617 /* LaunchScreen.storyboard in Resources */ = {isa = PBXBuildFile; fileRef = 596DA24D1EFCA3AC00829617 /* LaunchScreen.storyboard */; };
		596DA25A1EFCA3AC00829617 /* iOSAppFrameTests.m in Sources */ = {isa = PBXBuildFile; fileRef = 596DA2591EFCA3AC00829617 /* iOSAppFrameTests.m */; };
		596DA2651EFCA3AD00829617 /* iOSAppFrameUITests.m in Sources */ = {isa = PBXBuildFile; fileRef = 596DA2641EFCA3AD00829617 /* iOSAppFrameUITests.m */; };
		596DA27E1EFCB3E200829617 /* BaseViewController.m in Sources */ = {isa = PBXBuildFile; fileRef = 596DA27D1EFCB3E200829617 /* BaseViewController.m */; };
		596DA2811EFCB57800829617 /* Utils.m in Sources */ = {isa = PBXBuildFile; fileRef = 596DA2801EFCB57800829617 /* Utils.m */; };
		596DA2881EFCBDD000829617 /* UITools.m in Sources */ = {isa = PBXBuildFile; fileRef = 596DA2871EFCBDD000829617 /* UITools.m */; };
		596DA2901EFCC0E200829617 /* AlertController.m in Sources */ = {isa = PBXBuildFile; fileRef = 596DA28B1EFCC0E200829617 /* AlertController.m */; };
		596DA2911EFCC0E200829617 /* UIActionSheet+Blocks.m in Sources */ = {isa = PBXBuildFile; fileRef = 596DA28D1EFCC0E200829617 /* UIActionSheet+Blocks.m */; };
		596DA2921EFCC0E200829617 /* UIAlertView+Blocks.m in Sources */ = {isa = PBXBuildFile; fileRef = 596DA28F1EFCC0E200829617 /* UIAlertView+Blocks.m */; };
		596DA29A1EFCCF8100829617 /* MBProgressHUD.m in Sources */ = {isa = PBXBuildFile; fileRef = 596DA2991EFCCF8100829617 /* MBProgressHUD.m */; };
		596DA2A61EFCD5DC00829617 /* BaseModule.m in Sources */ = {isa = PBXBuildFile; fileRef = 596DA2A51EFCD5DC00829617 /* BaseModule.m */; };
		596DA2AC1EFCD88700829617 /* Localizable.strings in Resources */ = {isa = PBXBuildFile; fileRef = 596DA2AB1EFCD88700829617 /* Localizable.strings */; };
		596DA2AF1EFCDC5D00829617 /* UserDefaultsUtils.m in Sources */ = {isa = PBXBuildFile; fileRef = 596DA2AE1EFCDC5D00829617 /* UserDefaultsUtils.m */; };
		596DA2B41EFCFCE400829617 /* RootTabBarController.m in Sources */ = {isa = PBXBuildFile; fileRef = 596DA2B31EFCFCE400829617 /* RootTabBarController.m */; };
		596DA2BB1EFD05AF00829617 /* Tab0_Host.storyboard in Resources */ = {isa = PBXBuildFile; fileRef = 596DA2B61EFD05AF00829617 /* Tab0_Host.storyboard */; };
		596DA2BC1EFD05AF00829617 /* Tab1_Attention.storyboard in Resources */ = {isa = PBXBuildFile; fileRef = 596DA2B71EFD05AF00829617 /* Tab1_Attention.storyboard */; };
		596DA2BD1EFD05AF00829617 /* Tab2_Find.storyboard in Resources */ = {isa = PBXBuildFile; fileRef = 596DA2B81EFD05AF00829617 /* Tab2_Find.storyboard */; };
		596DA2BE1EFD05AF00829617 /* Tab3_GoodsCar.storyboard in Resources */ = {isa = PBXBuildFile; fileRef = 596DA2B91EFD05AF00829617 /* Tab3_GoodsCar.storyboard */; };
		596DA2BF1EFD05AF00829617 /* Tab4_MineCenter.storyboard in Resources */ = {isa = PBXBuildFile; fileRef = 596DA2BA1EFD05AF00829617 /* Tab4_MineCenter.storyboard */; };
		596DA2C31EFD080C00829617 /* TabNavigationController.m in Sources */ = {isa = PBXBuildFile; fileRef = 596DA2C21EFD080C00829617 /* TabNavigationController.m */; };
		596DA2CB1EFD10F300829617 /* HostViewController.m in Sources */ = {isa = PBXBuildFile; fileRef = 596DA2CA1EFD10F300829617 /* HostViewController.m */; };
		596DA2CE1EFD111400829617 /* AttentionViewController.m in Sources */ = {isa = PBXBuildFile; fileRef = 596DA2CD1EFD111400829617 /* AttentionViewController.m */; };
		596DA2D11EFD112900829617 /* FindViewController.m in Sources */ = {isa = PBXBuildFile; fileRef = 596DA2D01EFD112900829617 /* FindViewController.m */; };
		596DA2D41EFD115A00829617 /* GoodsCarViewController.m in Sources */ = {isa = PBXBuildFile; fileRef = 596DA2D31EFD115A00829617 /* GoodsCarViewController.m */; };
		596DA2D71EFD117800829617 /* MineCenterViewController.m in Sources */ = {isa = PBXBuildFile; fileRef = 596DA2D61EFD117800829617 /* MineCenterViewController.m */; };
		59B1546B1EFD2AE100380E05 /* LanguageManager.m in Sources */ = {isa = PBXBuildFile; fileRef = 59B1546A1EFD2AE100380E05 /* LanguageManager.m */; };
/* End PBXBuildFile section */

/* Begin PBXContainerItemProxy section */
		596DA2561EFCA3AC00829617 /* PBXContainerItemProxy */ = {
			isa = PBXContainerItemProxy;
			containerPortal = 596DA2341EFCA3AC00829617 /* Project object */;
			proxyType = 1;
			remoteGlobalIDString = 596DA23B1EFCA3AC00829617;
			remoteInfo = iOSAppFrame;
		};
		596DA2611EFCA3AD00829617 /* PBXContainerItemProxy */ = {
			isa = PBXContainerItemProxy;
			containerPortal = 596DA2341EFCA3AC00829617 /* Project object */;
			proxyType = 1;
			remoteGlobalIDString = 596DA23B1EFCA3AC00829617;
			remoteInfo = iOSAppFrame;
		};
/* End PBXContainerItemProxy section */

/* Begin PBXFileReference section */
		591096071F02460A00958937 /* UIViewController+XLBubbleTransition.h */ = {isa = PBXFileReference; fileEncoding = 4; lastKnownFileType = sourcecode.c.h; path = "UIViewController+XLBubbleTransition.h"; sourceTree = "<group>"; };
		591096081F02460A00958937 /* UIViewController+XLBubbleTransition.m */ = {isa = PBXFileReference; fileEncoding = 4; lastKnownFileType = sourcecode.c.objc; path = "UIViewController+XLBubbleTransition.m"; sourceTree = "<group>"; };
		591096091F02460A00958937 /* XLBubbleTransition.h */ = {isa = PBXFileReference; fileEncoding = 4; lastKnownFileType = sourcecode.c.h; path = XLBubbleTransition.h; sourceTree = "<group>"; };
		5910960A1F02460A00958937 /* XLBubbleTransition.m */ = {isa = PBXFileReference; fileEncoding = 4; lastKnownFileType = sourcecode.c.objc; path = XLBubbleTransition.m; sourceTree = "<group>"; };
		5910960E1F0259EC00958937 /* XLWave.h */ = {isa = PBXFileReference; fileEncoding = 4; lastKnownFileType = sourcecode.c.h; path = XLWave.h; sourceTree = "<group>"; };
		5910960F1F0259EC00958937 /* XLWave.m */ = {isa = PBXFileReference; fileEncoding = 4; lastKnownFileType = sourcecode.c.objc; path = XLWave.m; sourceTree = "<group>"; };
		591096101F0259EC00958937 /* XLWaveProgress.h */ = {isa = PBXFileReference; fileEncoding = 4; lastKnownFileType = sourcecode.c.h; path = XLWaveProgress.h; sourceTree = "<group>"; };
		591096111F0259EC00958937 /* XLWaveProgress.m */ = {isa = PBXFileReference; fileEncoding = 4; lastKnownFileType = sourcecode.c.objc; path = XLWaveProgress.m; sourceTree = "<group>"; };
		591096151F0265F200958937 /* XLImageLoading.h */ = {isa = PBXFileReference; fileEncoding = 4; lastKnownFileType = sourcecode.c.h; path = XLImageLoading.h; sourceTree = "<group>"; };
		591096161F0265F200958937 /* XLImageLoading.m */ = {isa = PBXFileReference; fileEncoding = 4; lastKnownFileType = sourcecode.c.objc; path = XLImageLoading.m; sourceTree = "<group>"; };
		591096171F0265F200958937 /* XLImageViewer.h */ = {isa = PBXFileReference; fileEncoding = 4; lastKnownFileType = sourcecode.c.h; path = XLImageViewer.h; sourceTree = "<group>"; };
		591096181F0265F200958937 /* XLImageViewer.m */ = {isa = PBXFileReference; fileEncoding = 4; lastKnownFileType = sourcecode.c.objc; path = XLImageViewer.m; sourceTree = "<group>"; };
		591096191F0265F200958937 /* XLImageViewerItem.h */ = {isa = PBXFileReference; fileEncoding = 4; lastKnownFileType = sourcecode.c.h; path = XLImageViewerItem.h; sourceTree = "<group>"; };
		5910961A1F0265F200958937 /* XLImageViewerItem.m */ = {isa = PBXFileReference; fileEncoding = 4; lastKnownFileType = sourcecode.c.objc; path = XLImageViewerItem.m; sourceTree = "<group>"; };
		5910961B1F0265F200958937 /* XLImageViewerTooBar.h */ = {isa = PBXFileReference; fileEncoding = 4; lastKnownFileType = sourcecode.c.h; path = XLImageViewerTooBar.h; sourceTree = "<group>"; };
		5910961C1F0265F200958937 /* XLImageViewerTooBar.m */ = {isa = PBXFileReference; fileEncoding = 4; lastKnownFileType = sourcecode.c.objc; path = XLImageViewerTooBar.m; sourceTree = "<group>"; };
		591096211F02674400958937 /* ImageCell.h */ = {isa = PBXFileReference; fileEncoding = 4; lastKnownFileType = sourcecode.c.h; path = ImageCell.h; sourceTree = "<group>"; };
		591096221F02674400958937 /* ImageCell.m */ = {isa = PBXFileReference; fileEncoding = 4; lastKnownFileType = sourcecode.c.objc; path = ImageCell.m; sourceTree = "<group>"; };
		591096251F033A8000958937 /* V5LoadingHUD.h */ = {isa = PBXFileReference; fileEncoding = 4; lastKnownFileType = sourcecode.c.h; path = V5LoadingHUD.h; sourceTree = "<group>"; };
		591096261F033A8000958937 /* V5LoadingHUD.m */ = {isa = PBXFileReference; fileEncoding = 4; lastKnownFileType = sourcecode.c.objc; path = V5LoadingHUD.m; sourceTree = "<group>"; };
		591096271F033A8000958937 /* V5LoadingSuccessHUD.h */ = {isa = PBXFileReference; fileEncoding = 4; lastKnownFileType = sourcecode.c.h; path = V5LoadingSuccessHUD.h; sourceTree = "<group>"; };
		591096281F033A8000958937 /* V5LoadingSuccessHUD.m */ = {isa = PBXFileReference; fileEncoding = 4; lastKnownFileType = sourcecode.c.objc; path = V5LoadingSuccessHUD.m; sourceTree = "<group>"; };
		5910962C1F034FD900958937 /* CustomBezierView.h */ = {isa = PBXFileReference; fileEncoding = 4; lastKnownFileType = sourcecode.c.h; path = CustomBezierView.h; sourceTree = "<group>"; };
		5910962D1F034FD900958937 /* CustomBezierView.m */ = {isa = PBXFileReference; fileEncoding = 4; lastKnownFileType = sourcecode.c.objc; path = CustomBezierView.m; sourceTree = "<group>"; };
		591096411F05FF4700958937 /* AnimationsTableViewController.h */ = {isa = PBXFileReference; fileEncoding = 4; lastKnownFileType = sourcecode.c.h; path = AnimationsTableViewController.h; sourceTree = "<group>"; };
		591096421F05FF4700958937 /* AnimationsTableViewController.m */ = {isa = PBXFileReference; fileEncoding = 4; lastKnownFileType = sourcecode.c.objc; path = AnimationsTableViewController.m; sourceTree = "<group>"; };
		591096431F05FF4700958937 /* AnimationsTableViewController.xib */ = {isa = PBXFileReference; fileEncoding = 4; lastKnownFileType = file.xib; path = AnimationsTableViewController.xib; sourceTree = "<group>"; };
		591096481F0603B500958937 /* HYXibView.h */ = {isa = PBXFileReference; fileEncoding = 4; lastKnownFileType = sourcecode.c.h; path = HYXibView.h; sourceTree = "<group>"; };
		591096491F0603B500958937 /* HYXibView.m */ = {isa = PBXFileReference; fileEncoding = 4; lastKnownFileType = sourcecode.c.objc; path = HYXibView.m; sourceTree = "<group>"; };
		5910964E1F063A4200958937 /* ProgressAnimViewController.h */ = {isa = PBXFileReference; fileEncoding = 4; lastKnownFileType = sourcecode.c.h; path = ProgressAnimViewController.h; sourceTree = "<group>"; };
		5910964F1F063A4200958937 /* ProgressAnimViewController.m */ = {isa = PBXFileReference; fileEncoding = 4; lastKnownFileType = sourcecode.c.objc; path = ProgressAnimViewController.m; sourceTree = "<group>"; };
		591096521F074CAE00958937 /* ImageScrollView.h */ = {isa = PBXFileReference; fileEncoding = 4; lastKnownFileType = sourcecode.c.h; path = ImageScrollView.h; sourceTree = "<group>"; };
		591096531F074CAE00958937 /* ImageScrollView.m */ = {isa = PBXFileReference; fileEncoding = 4; lastKnownFileType = sourcecode.c.objc; path = ImageScrollView.m; sourceTree = "<group>"; };
		591096561F07532A00958937 /* Macros.h */ = {isa = PBXFileReference; fileEncoding = 4; lastKnownFileType = sourcecode.c.h; path = Macros.h; sourceTree = "<group>"; };
		591096571F07532A00958937 /* UIConstants.h */ = {isa = PBXFileReference; fileEncoding = 4; lastKnownFileType = sourcecode.c.h; path = UIConstants.h; sourceTree = "<group>"; };
		5910965A1F0759A100958937 /* HostCollectionViewCell.h */ = {isa = PBXFileReference; fileEncoding = 4; lastKnownFileType = sourcecode.c.h; path = HostCollectionViewCell.h; sourceTree = "<group>"; };
		5910965B1F0759A100958937 /* HostCollectionViewCell.m */ = {isa = PBXFileReference; fileEncoding = 4; lastKnownFileType = sourcecode.c.objc; path = HostCollectionViewCell.m; sourceTree = "<group>"; };
		5910965D1F07732200958937 /* HostHeaderCollectionReusableView.h */ = {isa = PBXFileReference; fileEncoding = 4; lastKnownFileType = sourcecode.c.h; path = HostHeaderCollectionReusableView.h; sourceTree = "<group>"; };
		5910965E1F07732200958937 /* HostHeaderCollectionReusableView.m */ = {isa = PBXFileReference; fileEncoding = 4; lastKnownFileType = sourcecode.c.objc; path = HostHeaderCollectionReusableView.m; sourceTree = "<group>"; };
		591096611F07758F00958937 /* HYSearchBar.h */ = {isa = PBXFileReference; fileEncoding = 4; lastKnownFileType = sourcecode.c.h; path = HYSearchBar.h; sourceTree = "<group>"; };
		591096621F07758F00958937 /* HYSearchBar.m */ = {isa = PBXFileReference; fileEncoding = 4; lastKnownFileType = sourcecode.c.objc; path = HYSearchBar.m; sourceTree = "<group>"; };
		591096641F07775900958937 /* HYSearchBarView.h */ = {isa = PBXFileReference; fileEncoding = 4; lastKnownFileType = sourcecode.c.h; path = HYSearchBarView.h; sourceTree = "<group>"; };
		591096651F07775900958937 /* HYSearchBarView.m */ = {isa = PBXFileReference; fileEncoding = 4; lastKnownFileType = sourcecode.c.objc; path = HYSearchBarView.m; sourceTree = "<group>"; };
		591096671F0782D000958937 /* HostHeaderCollectionViewCell.h */ = {isa = PBXFileReference; fileEncoding = 4; lastKnownFileType = sourcecode.c.h; path = HostHeaderCollectionViewCell.h; sourceTree = "<group>"; };
		591096681F0782D000958937 /* HostHeaderCollectionViewCell.m */ = {isa = PBXFileReference; fileEncoding = 4; lastKnownFileType = sourcecode.c.objc; path = HostHeaderCollectionViewCell.m; sourceTree = "<group>"; };
		5910966A1F078B4B00958937 /* HYCollectionCarouselView.h */ = {isa = PBXFileReference; fileEncoding = 4; lastKnownFileType = sourcecode.c.h; path = HYCollectionCarouselView.h; sourceTree = "<group>"; };
		5910966B1F078B4B00958937 /* HYCollectionCarouselView.m */ = {isa = PBXFileReference; fileEncoding = 4; lastKnownFileType = sourcecode.c.objc; path = HYCollectionCarouselView.m; sourceTree = "<group>"; };
		5910966D1F078C8600958937 /* HYCarouselViewCell.h */ = {isa = PBXFileReference; fileEncoding = 4; lastKnownFileType = sourcecode.c.h; path = HYCarouselViewCell.h; sourceTree = "<group>"; };
		5910966E1F078C8600958937 /* HYCarouselViewCell.m */ = {isa = PBXFileReference; fileEncoding = 4; lastKnownFileType = sourcecode.c.objc; path = HYCarouselViewCell.m; sourceTree = "<group>"; };
		591096701F09EA5900958937 /* HYTabBar.h */ = {isa = PBXFileReference; fileEncoding = 4; lastKnownFileType = sourcecode.c.h; path = HYTabBar.h; sourceTree = "<group>"; };
		591096711F09EA5900958937 /* HYTabBar.m */ = {isa = PBXFileReference; fileEncoding = 4; lastKnownFileType = sourcecode.c.objc; path = HYTabBar.m; sourceTree = "<group>"; };
		591096731F0A1C4700958937 /* IBDesigbableImageview.h */ = {isa = PBXFileReference; fileEncoding = 4; lastKnownFileType = sourcecode.c.h; path = IBDesigbableImageview.h; sourceTree = "<group>"; };
		591096741F0A1C4700958937 /* IBDesigbableImageview.m */ = {isa = PBXFileReference; fileEncoding = 4; lastKnownFileType = sourcecode.c.objc; path = IBDesigbableImageview.m; sourceTree = "<group>"; };
		591096791F0A39A100958937 /* HostCollectionViewFlowLayout.h */ = {isa = PBXFileReference; fileEncoding = 4; lastKnownFileType = sourcecode.c.h; path = HostCollectionViewFlowLayout.h; sourceTree = "<group>"; };
		5910967A1F0A39A100958937 /* HostCollectionViewFlowLayout.m */ = {isa = PBXFileReference; fileEncoding = 4; lastKnownFileType = sourcecode.c.objc; path = HostCollectionViewFlowLayout.m; sourceTree = "<group>"; };
		5910967C1F0B432700958937 /* HostSearchViewController.h */ = {isa = PBXFileReference; fileEncoding = 4; lastKnownFileType = sourcecode.c.h; path = HostSearchViewController.h; sourceTree = "<group>"; };
		5910967D1F0B432700958937 /* HostSearchViewController.m */ = {isa = PBXFileReference; fileEncoding = 4; lastKnownFileType = sourcecode.c.objc; path = HostSearchViewController.m; sourceTree = "<group>"; };
		5910967F1F0B4B7F00958937 /* HostSearchWordsTableViewCell.h */ = {isa = PBXFileReference; fileEncoding = 4; lastKnownFileType = sourcecode.c.h; path = HostSearchWordsTableViewCell.h; sourceTree = "<group>"; };
		591096801F0B4B7F00958937 /* HostSearchWordsTableViewCell.m */ = {isa = PBXFileReference; fileEncoding = 4; lastKnownFileType = sourcecode.c.objc; path = HostSearchWordsTableViewCell.m; sourceTree = "<group>"; };
		591096831F0BF4B400958937 /* NSBundle+Language.h */ = {isa = PBXFileReference; fileEncoding = 4; lastKnownFileType = sourcecode.c.h; path = "NSBundle+Language.h"; sourceTree = "<group>"; };
		591096841F0BF4B400958937 /* NSBundle+Language.m */ = {isa = PBXFileReference; fileEncoding = 4; lastKnownFileType = sourcecode.c.objc; path = "NSBundle+Language.m"; sourceTree = "<group>"; };
		591096851F0BF4B400958937 /* NSDate+Utils.h */ = {isa = PBXFileReference; fileEncoding = 4; lastKnownFileType = sourcecode.c.h; path = "NSDate+Utils.h"; sourceTree = "<group>"; };
		591096861F0BF4B400958937 /* NSDate+Utils.m */ = {isa = PBXFileReference; fileEncoding = 4; lastKnownFileType = sourcecode.c.objc; path = "NSDate+Utils.m"; sourceTree = "<group>"; };
		591096871F0BF4B400958937 /* NSObject+CRKVO.h */ = {isa = PBXFileReference; fileEncoding = 4; lastKnownFileType = sourcecode.c.h; path = "NSObject+CRKVO.h"; sourceTree = "<group>"; };
		591096881F0BF4B400958937 /* NSObject+CRKVO.m */ = {isa = PBXFileReference; fileEncoding = 4; lastKnownFileType = sourcecode.c.objc; path = "NSObject+CRKVO.m"; sourceTree = "<group>"; };
		591096891F0BF4B400958937 /* NSObject+Dictionary.h */ = {isa = PBXFileReference; fileEncoding = 4; lastKnownFileType = sourcecode.c.h; path = "NSObject+Dictionary.h"; sourceTree = "<group>"; };
		5910968A1F0BF4B400958937 /* NSObject+Dictionary.m */ = {isa = PBXFileReference; fileEncoding = 4; lastKnownFileType = sourcecode.c.objc; path = "NSObject+Dictionary.m"; sourceTree = "<group>"; };
		5910968B1F0BF4B400958937 /* NSObject+ObjectDealloc.h */ = {isa = PBXFileReference; fileEncoding = 4; lastKnownFileType = sourcecode.c.h; path = "NSObject+ObjectDealloc.h"; sourceTree = "<group>"; };
		5910968C1F0BF4B400958937 /* NSObject+ObjectDealloc.m */ = {isa = PBXFileReference; fileEncoding = 4; lastKnownFileType = sourcecode.c.objc; path = "NSObject+ObjectDealloc.m"; sourceTree = "<group>"; };
		5910968D1F0BF4B400958937 /* UIButton+Color.h */ = {isa = PBXFileReference; fileEncoding = 4; lastKnownFileType = sourcecode.c.h; path = "UIButton+Color.h"; sourceTree = "<group>"; };
		5910968E1F0BF4B400958937 /* UIButton+Color.m */ = {isa = PBXFileReference; fileEncoding = 4; lastKnownFileType = sourcecode.c.objc; path = "UIButton+Color.m"; sourceTree = "<group>"; };
		5910968F1F0BF4B400958937 /* UIGestureRecognizer+Block.h */ = {isa = PBXFileReference; fileEncoding = 4; lastKnownFileType = sourcecode.c.h; path = "UIGestureRecognizer+Block.h"; sourceTree = "<group>"; };
		591096901F0BF4B400958937 /* UIGestureRecognizer+Block.m */ = {isa = PBXFileReference; fileEncoding = 4; lastKnownFileType = sourcecode.c.objc; path = "UIGestureRecognizer+Block.m"; sourceTree = "<group>"; };
		591096911F0BF4B400958937 /* UIImage+CornerRadius.h */ = {isa = PBXFileReference; fileEncoding = 4; lastKnownFileType = sourcecode.c.h; path = "UIImage+CornerRadius.h"; sourceTree = "<group>"; };
		591096921F0BF4B400958937 /* UIImage+CornerRadius.m */ = {isa = PBXFileReference; fileEncoding = 4; lastKnownFileType = sourcecode.c.objc; path = "UIImage+CornerRadius.m"; sourceTree = "<group>"; };
		591096931F0BF4B400958937 /* UITableView+Scroll.h */ = {isa = PBXFileReference; fileEncoding = 4; lastKnownFileType = sourcecode.c.h; path = "UITableView+Scroll.h"; sourceTree = "<group>"; };
		591096941F0BF4B400958937 /* UITableView+Scroll.m */ = {isa = PBXFileReference; fileEncoding = 4; lastKnownFileType = sourcecode.c.objc; path = "UITableView+Scroll.m"; sourceTree = "<group>"; };
		591096951F0BF4B400958937 /* UIView+ExtendTouchRect.h */ = {isa = PBXFileReference; fileEncoding = 4; lastKnownFileType = sourcecode.c.h; path = "UIView+ExtendTouchRect.h"; sourceTree = "<group>"; };
		591096961F0BF4B400958937 /* UIView+ExtendTouchRect.m */ = {isa = PBXFileReference; fileEncoding = 4; lastKnownFileType = sourcecode.c.objc; path = "UIView+ExtendTouchRect.m"; sourceTree = "<group>"; };
		591096971F0BF4B400958937 /* UIView+HYExtension.h */ = {isa = PBXFileReference; fileEncoding = 4; lastKnownFileType = sourcecode.c.h; path = "UIView+HYExtension.h"; sourceTree = "<group>"; };
		591096981F0BF4B400958937 /* UIView+HYExtension.m */ = {isa = PBXFileReference; fileEncoding = 4; lastKnownFileType = sourcecode.c.objc; path = "UIView+HYExtension.m"; sourceTree = "<group>"; };
		591096991F0BF4B400958937 /* UIViewController+NIB.h */ = {isa = PBXFileReference; fileEncoding = 4; lastKnownFileType = sourcecode.c.h; path = "UIViewController+NIB.h"; sourceTree = "<group>"; };
		5910969A1F0BF4B400958937 /* UIViewController+NIB.m */ = {isa = PBXFileReference; fileEncoding = 4; lastKnownFileType = sourcecode.c.objc; path = "UIViewController+NIB.m"; sourceTree = "<group>"; };
		591096CC1F0BF54700958937 /* User.h */ = {isa = PBXFileReference; fileEncoding = 4; lastKnownFileType = sourcecode.c.h; path = User.h; sourceTree = "<group>"; };
		591096CD1F0BF54700958937 /* User.m */ = {isa = PBXFileReference; fileEncoding = 4; lastKnownFileType = sourcecode.c.objc; path = User.m; sourceTree = "<group>"; };
		591096D01F0BF5E600958937 /* User+Extensions.h */ = {isa = PBXFileReference; fileEncoding = 4; lastKnownFileType = sourcecode.c.h; path = "User+Extensions.h"; sourceTree = "<group>"; };
		591096D11F0BF5E600958937 /* User+Extensions.m */ = {isa = PBXFileReference; fileEncoding = 4; lastKnownFileType = sourcecode.c.objc; path = "User+Extensions.m"; sourceTree = "<group>"; };
		596DA23C1EFCA3AC00829617 /* iOSAppFrame.app */ = {isa = PBXFileReference; explicitFileType = wrapper.application; includeInIndex = 0; path = iOSAppFrame.app; sourceTree = BUILT_PRODUCTS_DIR; };
		596DA2401EFCA3AC00829617 /* main.m */ = {isa = PBXFileReference; lastKnownFileType = sourcecode.c.objc; path = main.m; sourceTree = "<group>"; };
		596DA2421EFCA3AC00829617 /* AppDelegate.h */ = {isa = PBXFileReference; lastKnownFileType = sourcecode.c.h; path = AppDelegate.h; sourceTree = "<group>"; };
		596DA2431EFCA3AC00829617 /* AppDelegate.m */ = {isa = PBXFileReference; lastKnownFileType = sourcecode.c.objc; path = AppDelegate.m; sourceTree = "<group>"; };
		596DA2451EFCA3AC00829617 /* ViewController.h */ = {isa = PBXFileReference; lastKnownFileType = sourcecode.c.h; path = ViewController.h; sourceTree = "<group>"; };
		596DA2461EFCA3AC00829617 /* ViewController.m */ = {isa = PBXFileReference; lastKnownFileType = sourcecode.c.objc; path = ViewController.m; sourceTree = "<group>"; };
		596DA2491EFCA3AC00829617 /* Base */ = {isa = PBXFileReference; lastKnownFileType = file.storyboard; name = Base; path = Base.lproj/Main.storyboard; sourceTree = "<group>"; };
		596DA24B1EFCA3AC00829617 /* Assets.xcassets */ = {isa = PBXFileReference; lastKnownFileType = folder.assetcatalog; path = Assets.xcassets; sourceTree = "<group>"; };
		596DA24E1EFCA3AC00829617 /* Base */ = {isa = PBXFileReference; lastKnownFileType = file.storyboard; name = Base; path = Base.lproj/LaunchScreen.storyboard; sourceTree = "<group>"; };
		596DA2501EFCA3AC00829617 /* Info.plist */ = {isa = PBXFileReference; lastKnownFileType = text.plist.xml; path = Info.plist; sourceTree = "<group>"; };
		596DA2551EFCA3AC00829617 /* iOSAppFrameTests.xctest */ = {isa = PBXFileReference; explicitFileType = wrapper.cfbundle; includeInIndex = 0; path = iOSAppFrameTests.xctest; sourceTree = BUILT_PRODUCTS_DIR; };
		596DA2591EFCA3AC00829617 /* iOSAppFrameTests.m */ = {isa = PBXFileReference; lastKnownFileType = sourcecode.c.objc; path = iOSAppFrameTests.m; sourceTree = "<group>"; };
		596DA25B1EFCA3AD00829617 /* Info.plist */ = {isa = PBXFileReference; lastKnownFileType = text.plist.xml; path = Info.plist; sourceTree = "<group>"; };
		596DA2601EFCA3AD00829617 /* iOSAppFrameUITests.xctest */ = {isa = PBXFileReference; explicitFileType = wrapper.cfbundle; includeInIndex = 0; path = iOSAppFrameUITests.xctest; sourceTree = BUILT_PRODUCTS_DIR; };
		596DA2641EFCA3AD00829617 /* iOSAppFrameUITests.m */ = {isa = PBXFileReference; lastKnownFileType = sourcecode.c.objc; path = iOSAppFrameUITests.m; sourceTree = "<group>"; };
		596DA2661EFCA3AD00829617 /* Info.plist */ = {isa = PBXFileReference; lastKnownFileType = text.plist.xml; path = Info.plist; sourceTree = "<group>"; };
		596DA27C1EFCB3E200829617 /* BaseViewController.h */ = {isa = PBXFileReference; fileEncoding = 4; lastKnownFileType = sourcecode.c.h; path = BaseViewController.h; sourceTree = "<group>"; };
		596DA27D1EFCB3E200829617 /* BaseViewController.m */ = {isa = PBXFileReference; fileEncoding = 4; lastKnownFileType = sourcecode.c.objc; path = BaseViewController.m; sourceTree = "<group>"; };
		596DA27F1EFCB57800829617 /* Utils.h */ = {isa = PBXFileReference; fileEncoding = 4; lastKnownFileType = sourcecode.c.h; path = Utils.h; sourceTree = "<group>"; };
		596DA2801EFCB57800829617 /* Utils.m */ = {isa = PBXFileReference; fileEncoding = 4; lastKnownFileType = sourcecode.c.objc; path = Utils.m; sourceTree = "<group>"; };
		596DA2861EFCBDD000829617 /* UITools.h */ = {isa = PBXFileReference; fileEncoding = 4; lastKnownFileType = sourcecode.c.h; path = UITools.h; sourceTree = "<group>"; };
		596DA2871EFCBDD000829617 /* UITools.m */ = {isa = PBXFileReference; fileEncoding = 4; lastKnownFileType = sourcecode.c.objc; path = UITools.m; sourceTree = "<group>"; };
		596DA28A1EFCC0E200829617 /* AlertController.h */ = {isa = PBXFileReference; fileEncoding = 4; lastKnownFileType = sourcecode.c.h; path = AlertController.h; sourceTree = "<group>"; };
		596DA28B1EFCC0E200829617 /* AlertController.m */ = {isa = PBXFileReference; fileEncoding = 4; lastKnownFileType = sourcecode.c.objc; path = AlertController.m; sourceTree = "<group>"; };
		596DA28C1EFCC0E200829617 /* UIActionSheet+Blocks.h */ = {isa = PBXFileReference; fileEncoding = 4; lastKnownFileType = sourcecode.c.h; path = "UIActionSheet+Blocks.h"; sourceTree = "<group>"; };
		596DA28D1EFCC0E200829617 /* UIActionSheet+Blocks.m */ = {isa = PBXFileReference; fileEncoding = 4; lastKnownFileType = sourcecode.c.objc; path = "UIActionSheet+Blocks.m"; sourceTree = "<group>"; };
		596DA28E1EFCC0E200829617 /* UIAlertView+Blocks.h */ = {isa = PBXFileReference; fileEncoding = 4; lastKnownFileType = sourcecode.c.h; path = "UIAlertView+Blocks.h"; sourceTree = "<group>"; };
		596DA28F1EFCC0E200829617 /* UIAlertView+Blocks.m */ = {isa = PBXFileReference; fileEncoding = 4; lastKnownFileType = sourcecode.c.objc; path = "UIAlertView+Blocks.m"; sourceTree = "<group>"; };
		596DA2981EFCCF8100829617 /* MBProgressHUD.h */ = {isa = PBXFileReference; fileEncoding = 4; lastKnownFileType = sourcecode.c.h; path = MBProgressHUD.h; sourceTree = "<group>"; };
		596DA2991EFCCF8100829617 /* MBProgressHUD.m */ = {isa = PBXFileReference; fileEncoding = 4; lastKnownFileType = sourcecode.c.objc; path = MBProgressHUD.m; sourceTree = "<group>"; };
		596DA2A41EFCD5DC00829617 /* BaseModule.h */ = {isa = PBXFileReference; fileEncoding = 4; lastKnownFileType = sourcecode.c.h; path = BaseModule.h; sourceTree = "<group>"; };
		596DA2A51EFCD5DC00829617 /* BaseModule.m */ = {isa = PBXFileReference; fileEncoding = 4; lastKnownFileType = sourcecode.c.objc; path = BaseModule.m; sourceTree = "<group>"; };
		596DA2AB1EFCD88700829617 /* Localizable.strings */ = {isa = PBXFileReference; fileEncoding = 4; lastKnownFileType = text.plist.strings; path = Localizable.strings; sourceTree = "<group>"; };
		596DA2AD1EFCDC5D00829617 /* UserDefaultsUtils.h */ = {isa = PBXFileReference; fileEncoding = 4; lastKnownFileType = sourcecode.c.h; path = UserDefaultsUtils.h; sourceTree = "<group>"; };
		596DA2AE1EFCDC5D00829617 /* UserDefaultsUtils.m */ = {isa = PBXFileReference; fileEncoding = 4; lastKnownFileType = sourcecode.c.objc; path = UserDefaultsUtils.m; sourceTree = "<group>"; };
		596DA2B21EFCFCE400829617 /* RootTabBarController.h */ = {isa = PBXFileReference; fileEncoding = 4; lastKnownFileType = sourcecode.c.h; path = RootTabBarController.h; sourceTree = "<group>"; };
		596DA2B31EFCFCE400829617 /* RootTabBarController.m */ = {isa = PBXFileReference; fileEncoding = 4; lastKnownFileType = sourcecode.c.objc; path = RootTabBarController.m; sourceTree = "<group>"; };
		596DA2B61EFD05AF00829617 /* Tab0_Host.storyboard */ = {isa = PBXFileReference; fileEncoding = 4; lastKnownFileType = file.storyboard; path = Tab0_Host.storyboard; sourceTree = "<group>"; };
		596DA2B71EFD05AF00829617 /* Tab1_Attention.storyboard */ = {isa = PBXFileReference; fileEncoding = 4; lastKnownFileType = file.storyboard; path = Tab1_Attention.storyboard; sourceTree = "<group>"; };
		596DA2B81EFD05AF00829617 /* Tab2_Find.storyboard */ = {isa = PBXFileReference; fileEncoding = 4; lastKnownFileType = file.storyboard; path = Tab2_Find.storyboard; sourceTree = "<group>"; };
		596DA2B91EFD05AF00829617 /* Tab3_GoodsCar.storyboard */ = {isa = PBXFileReference; fileEncoding = 4; lastKnownFileType = file.storyboard; path = Tab3_GoodsCar.storyboard; sourceTree = "<group>"; };
		596DA2BA1EFD05AF00829617 /* Tab4_MineCenter.storyboard */ = {isa = PBXFileReference; fileEncoding = 4; lastKnownFileType = file.storyboard; path = Tab4_MineCenter.storyboard; sourceTree = "<group>"; };
		596DA2C11EFD080C00829617 /* TabNavigationController.h */ = {isa = PBXFileReference; fileEncoding = 4; lastKnownFileType = sourcecode.c.h; path = TabNavigationController.h; sourceTree = "<group>"; };
		596DA2C21EFD080C00829617 /* TabNavigationController.m */ = {isa = PBXFileReference; fileEncoding = 4; lastKnownFileType = sourcecode.c.objc; path = TabNavigationController.m; sourceTree = "<group>"; };
		596DA2C91EFD10F300829617 /* HostViewController.h */ = {isa = PBXFileReference; fileEncoding = 4; lastKnownFileType = sourcecode.c.h; path = HostViewController.h; sourceTree = "<group>"; };
		596DA2CA1EFD10F300829617 /* HostViewController.m */ = {isa = PBXFileReference; fileEncoding = 4; lastKnownFileType = sourcecode.c.objc; path = HostViewController.m; sourceTree = "<group>"; };
		596DA2CC1EFD111400829617 /* AttentionViewController.h */ = {isa = PBXFileReference; fileEncoding = 4; lastKnownFileType = sourcecode.c.h; path = AttentionViewController.h; sourceTree = "<group>"; };
		596DA2CD1EFD111400829617 /* AttentionViewController.m */ = {isa = PBXFileReference; fileEncoding = 4; lastKnownFileType = sourcecode.c.objc; path = AttentionViewController.m; sourceTree = "<group>"; };
		596DA2CF1EFD112900829617 /* FindViewController.h */ = {isa = PBXFileReference; fileEncoding = 4; lastKnownFileType = sourcecode.c.h; path = FindViewController.h; sourceTree = "<group>"; };
		596DA2D01EFD112900829617 /* FindViewController.m */ = {isa = PBXFileReference; fileEncoding = 4; lastKnownFileType = sourcecode.c.objc; path = FindViewController.m; sourceTree = "<group>"; };
		596DA2D21EFD115A00829617 /* GoodsCarViewController.h */ = {isa = PBXFileReference; fileEncoding = 4; lastKnownFileType = sourcecode.c.h; path = GoodsCarViewController.h; sourceTree = "<group>"; };
		596DA2D31EFD115A00829617 /* GoodsCarViewController.m */ = {isa = PBXFileReference; fileEncoding = 4; lastKnownFileType = sourcecode.c.objc; path = GoodsCarViewController.m; sourceTree = "<group>"; };
		596DA2D51EFD117800829617 /* MineCenterViewController.h */ = {isa = PBXFileReference; fileEncoding = 4; lastKnownFileType = sourcecode.c.h; path = MineCenterViewController.h; sourceTree = "<group>"; };
		596DA2D61EFD117800829617 /* MineCenterViewController.m */ = {isa = PBXFileReference; fileEncoding = 4; lastKnownFileType = sourcecode.c.objc; path = MineCenterViewController.m; sourceTree = "<group>"; };
		596DA2D81EFD12A800829617 /* PrefixHeader.pch */ = {isa = PBXFileReference; fileEncoding = 4; lastKnownFileType = sourcecode.c.h; path = PrefixHeader.pch; sourceTree = "<group>"; };
		59B154691EFD2AE100380E05 /* LanguageManager.h */ = {isa = PBXFileReference; fileEncoding = 4; lastKnownFileType = sourcecode.c.h; path = LanguageManager.h; sourceTree = "<group>"; };
		59B1546A1EFD2AE100380E05 /* LanguageManager.m */ = {isa = PBXFileReference; fileEncoding = 4; lastKnownFileType = sourcecode.c.objc; path = LanguageManager.m; sourceTree = "<group>"; };
		5C79F702DBC3C572CE765B7B /* Pods-iOSAppFrame.debug.xcconfig */ = {isa = PBXFileReference; includeInIndex = 1; lastKnownFileType = text.xcconfig; name = "Pods-iOSAppFrame.debug.xcconfig"; path = "Pods/Target Support Files/Pods-iOSAppFrame/Pods-iOSAppFrame.debug.xcconfig"; sourceTree = "<group>"; };
		A40F6E375C08BE7C14326883 /* libPods-iOSAppFrame.a */ = {isa = PBXFileReference; explicitFileType = archive.ar; includeInIndex = 0; path = "libPods-iOSAppFrame.a"; sourceTree = BUILT_PRODUCTS_DIR; };
		E0C7F2404739191712046FE2 /* Pods-iOSAppFrame.release.xcconfig */ = {isa = PBXFileReference; includeInIndex = 1; lastKnownFileType = text.xcconfig; name = "Pods-iOSAppFrame.release.xcconfig"; path = "Pods/Target Support Files/Pods-iOSAppFrame/Pods-iOSAppFrame.release.xcconfig"; sourceTree = "<group>"; };
/* End PBXFileReference section */

/* Begin PBXFrameworksBuildPhase section */
		596DA2391EFCA3AC00829617 /* Frameworks */ = {
			isa = PBXFrameworksBuildPhase;
			buildActionMask = 2147483647;
			files = (
				208D2EF187EE1F2BEB034A74 /* libPods-iOSAppFrame.a in Frameworks */,
			);
			runOnlyForDeploymentPostprocessing = 0;
		};
		596DA2521EFCA3AC00829617 /* Frameworks */ = {
			isa = PBXFrameworksBuildPhase;
			buildActionMask = 2147483647;
			files = (
			);
			runOnlyForDeploymentPostprocessing = 0;
		};
		596DA25D1EFCA3AD00829617 /* Frameworks */ = {
			isa = PBXFrameworksBuildPhase;
			buildActionMask = 2147483647;
			files = (
			);
			runOnlyForDeploymentPostprocessing = 0;
		};
/* End PBXFrameworksBuildPhase section */

/* Begin PBXGroup section */
		591096061F02460A00958937 /* XLBubbleTransition */ = {
			isa = PBXGroup;
			children = (
				591096071F02460A00958937 /* UIViewController+XLBubbleTransition.h */,
				591096081F02460A00958937 /* UIViewController+XLBubbleTransition.m */,
				591096091F02460A00958937 /* XLBubbleTransition.h */,
				5910960A1F02460A00958937 /* XLBubbleTransition.m */,
			);
			path = XLBubbleTransition;
			sourceTree = "<group>";
		};
		5910960D1F0259EC00958937 /* XLWaveProgress */ = {
			isa = PBXGroup;
			children = (
				5910960E1F0259EC00958937 /* XLWave.h */,
				5910960F1F0259EC00958937 /* XLWave.m */,
				591096101F0259EC00958937 /* XLWaveProgress.h */,
				591096111F0259EC00958937 /* XLWaveProgress.m */,
			);
			path = XLWaveProgress;
			sourceTree = "<group>";
		};
		591096141F0265F200958937 /* XLImageViewer */ = {
			isa = PBXGroup;
			children = (
				591096151F0265F200958937 /* XLImageLoading.h */,
				591096161F0265F200958937 /* XLImageLoading.m */,
				591096171F0265F200958937 /* XLImageViewer.h */,
				591096181F0265F200958937 /* XLImageViewer.m */,
				591096191F0265F200958937 /* XLImageViewerItem.h */,
				5910961A1F0265F200958937 /* XLImageViewerItem.m */,
				5910961B1F0265F200958937 /* XLImageViewerTooBar.h */,
				5910961C1F0265F200958937 /* XLImageViewerTooBar.m */,
			);
			path = XLImageViewer;
			sourceTree = "<group>";
		};
		591096241F033A8000958937 /* V5LoadingHUD */ = {
			isa = PBXGroup;
			children = (
				591096251F033A8000958937 /* V5LoadingHUD.h */,
				591096261F033A8000958937 /* V5LoadingHUD.m */,
				591096271F033A8000958937 /* V5LoadingSuccessHUD.h */,
				591096281F033A8000958937 /* V5LoadingSuccessHUD.m */,
			);
			path = V5LoadingHUD;
			sourceTree = "<group>";
		};
		5910962B1F034F9500958937 /* DIYViews */ = {
			isa = PBXGroup;
			children = (
				5910962C1F034FD900958937 /* CustomBezierView.h */,
				5910962D1F034FD900958937 /* CustomBezierView.m */,
				591096731F0A1C4700958937 /* IBDesigbableImageview.h */,
				591096741F0A1C4700958937 /* IBDesigbableImageview.m */,
			);
			path = DIYViews;
			sourceTree = "<group>";
		};
		591096361F04A67900958937 /* AnimationDemo */ = {
			isa = PBXGroup;
			children = (
				591096411F05FF4700958937 /* AnimationsTableViewController.h */,
				591096421F05FF4700958937 /* AnimationsTableViewController.m */,
				591096431F05FF4700958937 /* AnimationsTableViewController.xib */,
				5910964E1F063A4200958937 /* ProgressAnimViewController.h */,
				5910964F1F063A4200958937 /* ProgressAnimViewController.m */,
			);
			path = AnimationDemo;
			sourceTree = "<group>";
		};
		591096471F06039100958937 /* XibView */ = {
			isa = PBXGroup;
			children = (
				591096481F0603B500958937 /* HYXibView.h */,
				591096491F0603B500958937 /* HYXibView.m */,
			);
			path = XibView;
			sourceTree = "<group>";
		};
		591096511F074BB800958937 /* ViewPager */ = {
			isa = PBXGroup;
			children = (
				591096521F074CAE00958937 /* ImageScrollView.h */,
				591096531F074CAE00958937 /* ImageScrollView.m */,
				5910966A1F078B4B00958937 /* HYCollectionCarouselView.h */,
				5910966B1F078B4B00958937 /* HYCollectionCarouselView.m */,
				5910966D1F078C8600958937 /* HYCarouselViewCell.h */,
				5910966E1F078C8600958937 /* HYCarouselViewCell.m */,
			);
			path = ViewPager;
			sourceTree = "<group>";
		};
		591096551F07532A00958937 /* Global */ = {
			isa = PBXGroup;
			children = (
				591096561F07532A00958937 /* Macros.h */,
				591096571F07532A00958937 /* UIConstants.h */,
			);
			path = Global;
			sourceTree = "<group>";
		};
		591096581F07549500958937 /* TabBar */ = {
			isa = PBXGroup;
			children = (
				591096701F09EA5900958937 /* HYTabBar.h */,
				591096711F09EA5900958937 /* HYTabBar.m */,
			);
			path = TabBar;
			sourceTree = "<group>";
		};
		591096591F07589500958937 /* View */ = {
			isa = PBXGroup;
			children = (
				5910965A1F0759A100958937 /* HostCollectionViewCell.h */,
				5910965B1F0759A100958937 /* HostCollectionViewCell.m */,
				5910965D1F07732200958937 /* HostHeaderCollectionReusableView.h */,
				5910965E1F07732200958937 /* HostHeaderCollectionReusableView.m */,
				591096671F0782D000958937 /* HostHeaderCollectionViewCell.h */,
				591096681F0782D000958937 /* HostHeaderCollectionViewCell.m */,
				591096791F0A39A100958937 /* HostCollectionViewFlowLayout.h */,
				5910967A1F0A39A100958937 /* HostCollectionViewFlowLayout.m */,
				5910967F1F0B4B7F00958937 /* HostSearchWordsTableViewCell.h */,
				591096801F0B4B7F00958937 /* HostSearchWordsTableViewCell.m */,
			);
			path = View;
			sourceTree = "<group>";
		};
		591096601F07755D00958937 /* SearchBar */ = {
			isa = PBXGroup;
			children = (
				591096611F07758F00958937 /* HYSearchBar.h */,
				591096621F07758F00958937 /* HYSearchBar.m */,
				591096641F07775900958937 /* HYSearchBarView.h */,
				591096651F07775900958937 /* HYSearchBarView.m */,
			);
			path = SearchBar;
			sourceTree = "<group>";
		};
		591096821F0BF4B400958937 /* Category */ = {
			isa = PBXGroup;
			children = (
				591096831F0BF4B400958937 /* NSBundle+Language.h */,
				591096841F0BF4B400958937 /* NSBundle+Language.m */,
				591096851F0BF4B400958937 /* NSDate+Utils.h */,
				591096861F0BF4B400958937 /* NSDate+Utils.m */,
				591096871F0BF4B400958937 /* NSObject+CRKVO.h */,
				591096881F0BF4B400958937 /* NSObject+CRKVO.m */,
				591096891F0BF4B400958937 /* NSObject+Dictionary.h */,
				5910968A1F0BF4B400958937 /* NSObject+Dictionary.m */,
				5910968B1F0BF4B400958937 /* NSObject+ObjectDealloc.h */,
				5910968C1F0BF4B400958937 /* NSObject+ObjectDealloc.m */,
				5910968D1F0BF4B400958937 /* UIButton+Color.h */,
				5910968E1F0BF4B400958937 /* UIButton+Color.m */,
				5910968F1F0BF4B400958937 /* UIGestureRecognizer+Block.h */,
				591096901F0BF4B400958937 /* UIGestureRecognizer+Block.m */,
				591096911F0BF4B400958937 /* UIImage+CornerRadius.h */,
				591096921F0BF4B400958937 /* UIImage+CornerRadius.m */,
				591096931F0BF4B400958937 /* UITableView+Scroll.h */,
				591096941F0BF4B400958937 /* UITableView+Scroll.m */,
				591096951F0BF4B400958937 /* UIView+ExtendTouchRect.h */,
				591096961F0BF4B400958937 /* UIView+ExtendTouchRect.m */,
				591096971F0BF4B400958937 /* UIView+HYExtension.h */,
				591096981F0BF4B400958937 /* UIView+HYExtension.m */,
				591096991F0BF4B400958937 /* UIViewController+NIB.h */,
				5910969A1F0BF4B400958937 /* UIViewController+NIB.m */,
			);
			path = Category;
			sourceTree = "<group>";
		};
		591096CF1F0BF5D700958937 /* ModelCategory */ = {
			isa = PBXGroup;
			children = (
				591096D01F0BF5E600958937 /* User+Extensions.h */,
				591096D11F0BF5E600958937 /* User+Extensions.m */,
			);
			path = ModelCategory;
			sourceTree = "<group>";
		};
		596DA2331EFCA3AC00829617 = {
			isa = PBXGroup;
			children = (
				596DA23E1EFCA3AC00829617 /* iOSAppFrame */,
				596DA2581EFCA3AC00829617 /* iOSAppFrameTests */,
				596DA2631EFCA3AD00829617 /* iOSAppFrameUITests */,
				596DA23D1EFCA3AC00829617 /* Products */,
				9AE4CEF99CAC16022CBECF8B /* Pods */,
				7C77F4C0BF255C238CB406F3 /* Frameworks */,
			);
			sourceTree = "<group>";
		};
		596DA23D1EFCA3AC00829617 /* Products */ = {
			isa = PBXGroup;
			children = (
				596DA23C1EFCA3AC00829617 /* iOSAppFrame.app */,
				596DA2551EFCA3AC00829617 /* iOSAppFrameTests.xctest */,
				596DA2601EFCA3AD00829617 /* iOSAppFrameUITests.xctest */,
			);
			name = Products;
			sourceTree = "<group>";
		};
		596DA23E1EFCA3AC00829617 /* iOSAppFrame */ = {
			isa = PBXGroup;
			children = (
				596DA2731EFCB2C200829617 /* Classes */,
				596DA2AA1EFCD86A00829617 /* Resources */,
				596DA2931EFCCA1500829617 /* Storyboards */,
				596DA2421EFCA3AC00829617 /* AppDelegate.h */,
				596DA2431EFCA3AC00829617 /* AppDelegate.m */,
				596DA2451EFCA3AC00829617 /* ViewController.h */,
				596DA2461EFCA3AC00829617 /* ViewController.m */,
				596DA2481EFCA3AC00829617 /* Main.storyboard */,
				596DA24B1EFCA3AC00829617 /* Assets.xcassets */,
				596DA24D1EFCA3AC00829617 /* LaunchScreen.storyboard */,
				596DA2501EFCA3AC00829617 /* Info.plist */,
				596DA23F1EFCA3AC00829617 /* Supporting Files */,
			);
			path = iOSAppFrame;
			sourceTree = "<group>";
		};
		596DA23F1EFCA3AC00829617 /* Supporting Files */ = {
			isa = PBXGroup;
			children = (
				596DA2401EFCA3AC00829617 /* main.m */,
				596DA2D81EFD12A800829617 /* PrefixHeader.pch */,
			);
			name = "Supporting Files";
			sourceTree = "<group>";
		};
		596DA2581EFCA3AC00829617 /* iOSAppFrameTests */ = {
			isa = PBXGroup;
			children = (
				596DA2591EFCA3AC00829617 /* iOSAppFrameTests.m */,
				596DA25B1EFCA3AD00829617 /* Info.plist */,
			);
			path = iOSAppFrameTests;
			sourceTree = "<group>";
		};
		596DA2631EFCA3AD00829617 /* iOSAppFrameUITests */ = {
			isa = PBXGroup;
			children = (
				596DA2641EFCA3AD00829617 /* iOSAppFrameUITests.m */,
				596DA2661EFCA3AD00829617 /* Info.plist */,
			);
			path = iOSAppFrameUITests;
			sourceTree = "<group>";
		};
		596DA2731EFCB2C200829617 /* Classes */ = {
			isa = PBXGroup;
			children = (
				591096551F07532A00958937 /* Global */,
				596DA2741EFCB2C200829617 /* Controllers */,
				596DA2751EFCB2C200829617 /* Models */,
				596DA27A1EFCB2C200829617 /* Views */,
				596DA2771EFCB2C200829617 /* Utils */,
			);
			path = Classes;
			sourceTree = "<group>";
		};
		596DA2741EFCB2C200829617 /* Controllers */ = {
			isa = PBXGroup;
			children = (
				596DA27B1EFCB33D00829617 /* Base */,
				596DA2C01EFD061500829617 /* Navigation */,
				596DA2B11EFCFC9800829617 /* TabBar */,
				596DA2C71EFD109900829617 /* Host */,
				596DA2C41EFD109800829617 /* Attention */,
				596DA2C51EFD109800829617 /* Find */,
				596DA2C61EFD109900829617 /* GoodsCar */,
				596DA2C81EFD109900829617 /* MineCenter */,
				591096361F04A67900958937 /* AnimationDemo */,
			);
			path = Controllers;
			sourceTree = "<group>";
		};
		596DA2751EFCB2C200829617 /* Models */ = {
			isa = PBXGroup;
			children = (
				591096CF1F0BF5D700958937 /* ModelCategory */,
				596DA2A41EFCD5DC00829617 /* BaseModule.h */,
				596DA2A51EFCD5DC00829617 /* BaseModule.m */,
				591096CC1F0BF54700958937 /* User.h */,
				591096CD1F0BF54700958937 /* User.m */,
			);
			path = Models;
			sourceTree = "<group>";
		};
		596DA2771EFCB2C200829617 /* Utils */ = {
			isa = PBXGroup;
			children = (
				591096821F0BF4B400958937 /* Category */,
				596DA2791EFCB2C200829617 /* Others */,
				596DA27F1EFCB57800829617 /* Utils.h */,
				596DA2801EFCB57800829617 /* Utils.m */,
				596DA2861EFCBDD000829617 /* UITools.h */,
				596DA2871EFCBDD000829617 /* UITools.m */,
				596DA2AD1EFCDC5D00829617 /* UserDefaultsUtils.h */,
				596DA2AE1EFCDC5D00829617 /* UserDefaultsUtils.m */,
			);
			path = Utils;
			sourceTree = "<group>";
		};
		596DA2791EFCB2C200829617 /* Others */ = {
			isa = PBXGroup;
			children = (
				59B154691EFD2AE100380E05 /* LanguageManager.h */,
				59B1546A1EFD2AE100380E05 /* LanguageManager.m */,
			);
			path = Others;
			sourceTree = "<group>";
		};
		596DA27A1EFCB2C200829617 /* Views */ = {
			isa = PBXGroup;
			children = (
				591096601F07755D00958937 /* SearchBar */,
				591096581F07549500958937 /* TabBar */,
				591096511F074BB800958937 /* ViewPager */,
				5910962B1F034F9500958937 /* DIYViews */,
				591096241F033A8000958937 /* V5LoadingHUD */,
				591096141F0265F200958937 /* XLImageViewer */,
				5910960D1F0259EC00958937 /* XLWaveProgress */,
				591096061F02460A00958937 /* XLBubbleTransition */,
				596DA2891EFCC0E200829617 /* AlertController */,
				596DA2971EFCCF8100829617 /* ProgressView */,
				591096471F06039100958937 /* XibView */,
			);
			path = Views;
			sourceTree = "<group>";
		};
		596DA27B1EFCB33D00829617 /* Base */ = {
			isa = PBXGroup;
			children = (
				596DA27C1EFCB3E200829617 /* BaseViewController.h */,
				596DA27D1EFCB3E200829617 /* BaseViewController.m */,
			);
			path = Base;
			sourceTree = "<group>";
		};
		596DA2891EFCC0E200829617 /* AlertController */ = {
			isa = PBXGroup;
			children = (
				596DA28A1EFCC0E200829617 /* AlertController.h */,
				596DA28B1EFCC0E200829617 /* AlertController.m */,
				596DA28C1EFCC0E200829617 /* UIActionSheet+Blocks.h */,
				596DA28D1EFCC0E200829617 /* UIActionSheet+Blocks.m */,
				596DA28E1EFCC0E200829617 /* UIAlertView+Blocks.h */,
				596DA28F1EFCC0E200829617 /* UIAlertView+Blocks.m */,
			);
			path = AlertController;
			sourceTree = "<group>";
		};
		596DA2931EFCCA1500829617 /* Storyboards */ = {
			isa = PBXGroup;
			children = (
				596DA2B61EFD05AF00829617 /* Tab0_Host.storyboard */,
				596DA2B71EFD05AF00829617 /* Tab1_Attention.storyboard */,
				596DA2B81EFD05AF00829617 /* Tab2_Find.storyboard */,
				596DA2B91EFD05AF00829617 /* Tab3_GoodsCar.storyboard */,
				596DA2BA1EFD05AF00829617 /* Tab4_MineCenter.storyboard */,
			);
			path = Storyboards;
			sourceTree = "<group>";
		};
		596DA2971EFCCF8100829617 /* ProgressView */ = {
			isa = PBXGroup;
			children = (
				596DA2981EFCCF8100829617 /* MBProgressHUD.h */,
				596DA2991EFCCF8100829617 /* MBProgressHUD.m */,
			);
			path = ProgressView;
			sourceTree = "<group>";
		};
		596DA2AA1EFCD86A00829617 /* Resources */ = {
			isa = PBXGroup;
			children = (
				596DA2AB1EFCD88700829617 /* Localizable.strings */,
			);
			path = Resources;
			sourceTree = "<group>";
		};
		596DA2B11EFCFC9800829617 /* TabBar */ = {
			isa = PBXGroup;
			children = (
				596DA2B21EFCFCE400829617 /* RootTabBarController.h */,
				596DA2B31EFCFCE400829617 /* RootTabBarController.m */,
			);
			path = TabBar;
			sourceTree = "<group>";
		};
		596DA2C01EFD061500829617 /* Navigation */ = {
			isa = PBXGroup;
			children = (
				596DA2C11EFD080C00829617 /* TabNavigationController.h */,
				596DA2C21EFD080C00829617 /* TabNavigationController.m */,
			);
			path = Navigation;
			sourceTree = "<group>";
		};
		596DA2C41EFD109800829617 /* Attention */ = {
			isa = PBXGroup;
			children = (
				596DA2CC1EFD111400829617 /* AttentionViewController.h */,
				596DA2CD1EFD111400829617 /* AttentionViewController.m */,
			);
			path = Attention;
			sourceTree = "<group>";
		};
		596DA2C51EFD109800829617 /* Find */ = {
			isa = PBXGroup;
			children = (
				596DA2CF1EFD112900829617 /* FindViewController.h */,
				596DA2D01EFD112900829617 /* FindViewController.m */,
			);
			path = Find;
			sourceTree = "<group>";
		};
		596DA2C61EFD109900829617 /* GoodsCar */ = {
			isa = PBXGroup;
			children = (
				591096211F02674400958937 /* ImageCell.h */,
				591096221F02674400958937 /* ImageCell.m */,
				596DA2D21EFD115A00829617 /* GoodsCarViewController.h */,
				596DA2D31EFD115A00829617 /* GoodsCarViewController.m */,
			);
			path = GoodsCar;
			sourceTree = "<group>";
		};
		596DA2C71EFD109900829617 /* Host */ = {
			isa = PBXGroup;
			children = (
				596DA2C91EFD10F300829617 /* HostViewController.h */,
				596DA2CA1EFD10F300829617 /* HostViewController.m */,
				5910967C1F0B432700958937 /* HostSearchViewController.h */,
				5910967D1F0B432700958937 /* HostSearchViewController.m */,
				591096591F07589500958937 /* View */,
			);
			path = Host;
			sourceTree = "<group>";
		};
		596DA2C81EFD109900829617 /* MineCenter */ = {
			isa = PBXGroup;
			children = (
				596DA2D51EFD117800829617 /* MineCenterViewController.h */,
				596DA2D61EFD117800829617 /* MineCenterViewController.m */,
			);
			path = MineCenter;
			sourceTree = "<group>";
		};
		7C77F4C0BF255C238CB406F3 /* Frameworks */ = {
			isa = PBXGroup;
			children = (
				A40F6E375C08BE7C14326883 /* libPods-iOSAppFrame.a */,
			);
			name = Frameworks;
			sourceTree = "<group>";
		};
		9AE4CEF99CAC16022CBECF8B /* Pods */ = {
			isa = PBXGroup;
			children = (
				5C79F702DBC3C572CE765B7B /* Pods-iOSAppFrame.debug.xcconfig */,
				E0C7F2404739191712046FE2 /* Pods-iOSAppFrame.release.xcconfig */,
			);
			name = Pods;
			sourceTree = "<group>";
		};
/* End PBXGroup section */

/* Begin PBXNativeTarget section */
		596DA23B1EFCA3AC00829617 /* iOSAppFrame */ = {
			isa = PBXNativeTarget;
			buildConfigurationList = 596DA2691EFCA3AD00829617 /* Build configuration list for PBXNativeTarget "iOSAppFrame" */;
			buildPhases = (
				49FAA08BC388127DE7F2A71B /* [CP] Check Pods Manifest.lock */,
				596DA2381EFCA3AC00829617 /* Sources */,
				596DA2391EFCA3AC00829617 /* Frameworks */,
				596DA23A1EFCA3AC00829617 /* Resources */,
				698E5376F3FE5BE486B9C3A3 /* [CP] Embed Pods Frameworks */,
				330272B58012CFD958C72EE3 /* [CP] Copy Pods Resources */,
			);
			buildRules = (
			);
			dependencies = (
			);
			name = iOSAppFrame;
			productName = iOSAppFrame;
			productReference = 596DA23C1EFCA3AC00829617 /* iOSAppFrame.app */;
			productType = "com.apple.product-type.application";
		};
		596DA2541EFCA3AC00829617 /* iOSAppFrameTests */ = {
			isa = PBXNativeTarget;
			buildConfigurationList = 596DA26C1EFCA3AD00829617 /* Build configuration list for PBXNativeTarget "iOSAppFrameTests" */;
			buildPhases = (
				596DA2511EFCA3AC00829617 /* Sources */,
				596DA2521EFCA3AC00829617 /* Frameworks */,
				596DA2531EFCA3AC00829617 /* Resources */,
			);
			buildRules = (
			);
			dependencies = (
				596DA2571EFCA3AC00829617 /* PBXTargetDependency */,
			);
			name = iOSAppFrameTests;
			productName = iOSAppFrameTests;
			productReference = 596DA2551EFCA3AC00829617 /* iOSAppFrameTests.xctest */;
			productType = "com.apple.product-type.bundle.unit-test";
		};
		596DA25F1EFCA3AD00829617 /* iOSAppFrameUITests */ = {
			isa = PBXNativeTarget;
			buildConfigurationList = 596DA26F1EFCA3AD00829617 /* Build configuration list for PBXNativeTarget "iOSAppFrameUITests" */;
			buildPhases = (
				596DA25C1EFCA3AD00829617 /* Sources */,
				596DA25D1EFCA3AD00829617 /* Frameworks */,
				596DA25E1EFCA3AD00829617 /* Resources */,
			);
			buildRules = (
			);
			dependencies = (
				596DA2621EFCA3AD00829617 /* PBXTargetDependency */,
			);
			name = iOSAppFrameUITests;
			productName = iOSAppFrameUITests;
			productReference = 596DA2601EFCA3AD00829617 /* iOSAppFrameUITests.xctest */;
			productType = "com.apple.product-type.bundle.ui-testing";
		};
/* End PBXNativeTarget section */

/* Begin PBXProject section */
		596DA2341EFCA3AC00829617 /* Project object */ = {
			isa = PBXProject;
			attributes = {
				LastUpgradeCheck = 0830;
				ORGANIZATIONNAME = Chyrain;
				TargetAttributes = {
					596DA23B1EFCA3AC00829617 = {
						CreatedOnToolsVersion = 8.3.1;
						DevelopmentTeam = B88A5C3Z52;
						ProvisioningStyle = Automatic;
					};
					596DA2541EFCA3AC00829617 = {
						CreatedOnToolsVersion = 8.3.1;
						ProvisioningStyle = Automatic;
						TestTargetID = 596DA23B1EFCA3AC00829617;
					};
					596DA25F1EFCA3AD00829617 = {
						CreatedOnToolsVersion = 8.3.1;
						ProvisioningStyle = Automatic;
						TestTargetID = 596DA23B1EFCA3AC00829617;
					};
				};
			};
			buildConfigurationList = 596DA2371EFCA3AC00829617 /* Build configuration list for PBXProject "iOSAppFrame" */;
			compatibilityVersion = "Xcode 3.2";
			developmentRegion = English;
			hasScannedForEncodings = 0;
			knownRegions = (
				en,
				Base,
			);
			mainGroup = 596DA2331EFCA3AC00829617;
			productRefGroup = 596DA23D1EFCA3AC00829617 /* Products */;
			projectDirPath = "";
			projectRoot = "";
			targets = (
				596DA23B1EFCA3AC00829617 /* iOSAppFrame */,
				596DA2541EFCA3AC00829617 /* iOSAppFrameTests */,
				596DA25F1EFCA3AD00829617 /* iOSAppFrameUITests */,
			);
		};
/* End PBXProject section */

/* Begin PBXResourcesBuildPhase section */
		596DA23A1EFCA3AC00829617 /* Resources */ = {
			isa = PBXResourcesBuildPhase;
			buildActionMask = 2147483647;
			files = (
				596DA2BE1EFD05AF00829617 /* Tab3_GoodsCar.storyboard in Resources */,
				596DA24F1EFCA3AC00829617 /* LaunchScreen.storyboard in Resources */,
				596DA2BB1EFD05AF00829617 /* Tab0_Host.storyboard in Resources */,
				596DA2AC1EFCD88700829617 /* Localizable.strings in Resources */,
				591096451F05FF4700958937 /* AnimationsTableViewController.xib in Resources */,
				596DA2BC1EFD05AF00829617 /* Tab1_Attention.storyboard in Resources */,
				596DA24C1EFCA3AC00829617 /* Assets.xcassets in Resources */,
				596DA24A1EFCA3AC00829617 /* Main.storyboard in Resources */,
				596DA2BF1EFD05AF00829617 /* Tab4_MineCenter.storyboard in Resources */,
				596DA2BD1EFD05AF00829617 /* Tab2_Find.storyboard in Resources */,
			);
			runOnlyForDeploymentPostprocessing = 0;
		};
		596DA2531EFCA3AC00829617 /* Resources */ = {
			isa = PBXResourcesBuildPhase;
			buildActionMask = 2147483647;
			files = (
			);
			runOnlyForDeploymentPostprocessing = 0;
		};
		596DA25E1EFCA3AD00829617 /* Resources */ = {
			isa = PBXResourcesBuildPhase;
			buildActionMask = 2147483647;
			files = (
			);
			runOnlyForDeploymentPostprocessing = 0;
		};
/* End PBXResourcesBuildPhase section */

/* Begin PBXShellScriptBuildPhase section */
		330272B58012CFD958C72EE3 /* [CP] Copy Pods Resources */ = {
			isa = PBXShellScriptBuildPhase;
			buildActionMask = 2147483647;
			files = (
			);
			inputPaths = (
			);
			name = "[CP] Copy Pods Resources";
			outputPaths = (
			);
			runOnlyForDeploymentPostprocessing = 0;
			shellPath = /bin/sh;
			shellScript = "\"${SRCROOT}/Pods/Target Support Files/Pods-iOSAppFrame/Pods-iOSAppFrame-resources.sh\"\n";
			showEnvVarsInLog = 0;
		};
		49FAA08BC388127DE7F2A71B /* [CP] Check Pods Manifest.lock */ = {
			isa = PBXShellScriptBuildPhase;
			buildActionMask = 2147483647;
			files = (
			);
			inputPaths = (
			);
			name = "[CP] Check Pods Manifest.lock";
			outputPaths = (
			);
			runOnlyForDeploymentPostprocessing = 0;
			shellPath = /bin/sh;
			shellScript = "diff \"${PODS_ROOT}/../Podfile.lock\" \"${PODS_ROOT}/Manifest.lock\" > /dev/null\nif [ $? != 0 ] ; then\n    # print error to STDERR\n    echo \"error: The sandbox is not in sync with the Podfile.lock. Run 'pod install' or update your CocoaPods installation.\" >&2\n    exit 1\nfi\n";
			showEnvVarsInLog = 0;
		};
		698E5376F3FE5BE486B9C3A3 /* [CP] Embed Pods Frameworks */ = {
			isa = PBXShellScriptBuildPhase;
			buildActionMask = 2147483647;
			files = (
			);
			inputPaths = (
			);
			name = "[CP] Embed Pods Frameworks";
			outputPaths = (
			);
			runOnlyForDeploymentPostprocessing = 0;
			shellPath = /bin/sh;
			shellScript = "\"${SRCROOT}/Pods/Target Support Files/Pods-iOSAppFrame/Pods-iOSAppFrame-frameworks.sh\"\n";
			showEnvVarsInLog = 0;
		};
/* End PBXShellScriptBuildPhase section */

/* Begin PBXSourcesBuildPhase section */
		596DA2381EFCA3AC00829617 /* Sources */ = {
			isa = PBXSourcesBuildPhase;
			buildActionMask = 2147483647;
			files = (
				596DA2D41EFD115A00829617 /* GoodsCarViewController.m in Sources */,
				596DA2901EFCC0E200829617 /* AlertController.m in Sources */,
				591096661F07775900958937 /* HYSearchBarView.m in Sources */,
				5910967E1F0B432700958937 /* HostSearchViewController.m in Sources */,
				5910969C1F0BF4B400958937 /* NSDate+Utils.m in Sources */,
				5910961D1F0265F200958937 /* XLImageLoading.m in Sources */,
				591096631F07758F00958937 /* HYSearchBar.m in Sources */,
				5910961E1F0265F200958937 /* XLImageViewer.m in Sources */,
				5910962E1F034FD900958937 /* CustomBezierView.m in Sources */,
				596DA2911EFCC0E200829617 /* UIActionSheet+Blocks.m in Sources */,
				596DA2D11EFD112900829617 /* FindViewController.m in Sources */,
				591096201F0265F200958937 /* XLImageViewerTooBar.m in Sources */,
				5910969B1F0BF4B400958937 /* NSBundle+Language.m in Sources */,
				596DA2471EFCA3AC00829617 /* ViewController.m in Sources */,
				5910966C1F078B4B00958937 /* HYCollectionCarouselView.m in Sources */,
				5910960B1F02460A00958937 /* UIViewController+XLBubbleTransition.m in Sources */,
				5910964A1F0603B500958937 /* HYXibView.m in Sources */,
				5910969E1F0BF4B400958937 /* NSObject+Dictionary.m in Sources */,
				596DA2B41EFCFCE400829617 /* RootTabBarController.m in Sources */,
				591096691F0782D000958937 /* HostHeaderCollectionViewCell.m in Sources */,
				5910960C1F02460A00958937 /* XLBubbleTransition.m in Sources */,
				591096131F0259EC00958937 /* XLWaveProgress.m in Sources */,
				591096A51F0BF4B400958937 /* UIView+HYExtension.m in Sources */,
				596DA27E1EFCB3E200829617 /* BaseViewController.m in Sources */,
				591096D21F0BF5E600958937 /* User+Extensions.m in Sources */,
				591096A01F0BF4B400958937 /* UIButton+Color.m in Sources */,
				591096A31F0BF4B400958937 /* UITableView+Scroll.m in Sources */,
				596DA2C31EFD080C00829617 /* TabNavigationController.m in Sources */,
				5910961F1F0265F200958937 /* XLImageViewerItem.m in Sources */,
				591096121F0259EC00958937 /* XLWave.m in Sources */,
				59B1546B1EFD2AE100380E05 /* LanguageManager.m in Sources */,
				596DA29A1EFCCF8100829617 /* MBProgressHUD.m in Sources */,
				596DA2441EFCA3AC00829617 /* AppDelegate.m in Sources */,
				596DA2AF1EFCDC5D00829617 /* UserDefaultsUtils.m in Sources */,
				591096291F033A8000958937 /* V5LoadingHUD.m in Sources */,
				591096A61F0BF4B400958937 /* UIViewController+NIB.m in Sources */,
				596DA2CE1EFD111400829617 /* AttentionViewController.m in Sources */,
				5910965F1F07732200958937 /* HostHeaderCollectionReusableView.m in Sources */,
				591096541F074CAE00958937 /* ImageScrollView.m in Sources */,
				596DA2D71EFD117800829617 /* MineCenterViewController.m in Sources */,
				596DA2811EFCB57800829617 /* Utils.m in Sources */,
				591096811F0B4B7F00958937 /* HostSearchWordsTableViewCell.m in Sources */,
				591096A21F0BF4B400958937 /* UIImage+CornerRadius.m in Sources */,
				591096CE1F0BF54700958937 /* User.m in Sources */,
				5910962A1F033A8000958937 /* V5LoadingSuccessHUD.m in Sources */,
				596DA2881EFCBDD000829617 /* UITools.m in Sources */,
				5910969D1F0BF4B400958937 /* NSObject+CRKVO.m in Sources */,
				591096441F05FF4700958937 /* AnimationsTableViewController.m in Sources */,
				591096501F063A4200958937 /* ProgressAnimViewController.m in Sources */,
				591096751F0A1C4700958937 /* IBDesigbableImageview.m in Sources */,
				5910965C1F0759A100958937 /* HostCollectionViewCell.m in Sources */,
				596DA2921EFCC0E200829617 /* UIAlertView+Blocks.m in Sources */,
				596DA2A61EFCD5DC00829617 /* BaseModule.m in Sources */,
				596DA2CB1EFD10F300829617 /* HostViewController.m in Sources */,
				591096A41F0BF4B400958937 /* UIView+ExtendTouchRect.m in Sources */,
				5910969F1F0BF4B400958937 /* NSObject+ObjectDealloc.m in Sources */,
				5910966F1F078C8600958937 /* HYCarouselViewCell.m in Sources */,
				5910967B1F0A39A100958937 /* HostCollectionViewFlowLayout.m in Sources */,
				591096231F02674400958937 /* ImageCell.m in Sources */,
				596DA2411EFCA3AC00829617 /* main.m in Sources */,
				591096721F09EA5900958937 /* HYTabBar.m in Sources */,
				591096A11F0BF4B400958937 /* UIGestureRecognizer+Block.m in Sources */,
			);
			runOnlyForDeploymentPostprocessing = 0;
		};
		596DA2511EFCA3AC00829617 /* Sources */ = {
			isa = PBXSourcesBuildPhase;
			buildActionMask = 2147483647;
			files = (
				596DA25A1EFCA3AC00829617 /* iOSAppFrameTests.m in Sources */,
			);
			runOnlyForDeploymentPostprocessing = 0;
		};
		596DA25C1EFCA3AD00829617 /* Sources */ = {
			isa = PBXSourcesBuildPhase;
			buildActionMask = 2147483647;
			files = (
				596DA2651EFCA3AD00829617 /* iOSAppFrameUITests.m in Sources */,
			);
			runOnlyForDeploymentPostprocessing = 0;
		};
/* End PBXSourcesBuildPhase section */

/* Begin PBXTargetDependency section */
		596DA2571EFCA3AC00829617 /* PBXTargetDependency */ = {
			isa = PBXTargetDependency;
			target = 596DA23B1EFCA3AC00829617 /* iOSAppFrame */;
			targetProxy = 596DA2561EFCA3AC00829617 /* PBXContainerItemProxy */;
		};
		596DA2621EFCA3AD00829617 /* PBXTargetDependency */ = {
			isa = PBXTargetDependency;
			target = 596DA23B1EFCA3AC00829617 /* iOSAppFrame */;
			targetProxy = 596DA2611EFCA3AD00829617 /* PBXContainerItemProxy */;
		};
/* End PBXTargetDependency section */

/* Begin PBXVariantGroup section */
		596DA2481EFCA3AC00829617 /* Main.storyboard */ = {
			isa = PBXVariantGroup;
			children = (
				596DA2491EFCA3AC00829617 /* Base */,
			);
			name = Main.storyboard;
			sourceTree = "<group>";
		};
		596DA24D1EFCA3AC00829617 /* LaunchScreen.storyboard */ = {
			isa = PBXVariantGroup;
			children = (
				596DA24E1EFCA3AC00829617 /* Base */,
			);
			name = LaunchScreen.storyboard;
			sourceTree = "<group>";
		};
/* End PBXVariantGroup section */

/* Begin XCBuildConfiguration section */
		596DA2671EFCA3AD00829617 /* Debug */ = {
			isa = XCBuildConfiguration;
			buildSettings = {
				ALWAYS_SEARCH_USER_PATHS = NO;
				CLANG_ANALYZER_NONNULL = YES;
				CLANG_ANALYZER_NUMBER_OBJECT_CONVERSION = YES_AGGRESSIVE;
				CLANG_CXX_LANGUAGE_STANDARD = "gnu++0x";
				CLANG_CXX_LIBRARY = "libc++";
				CLANG_ENABLE_MODULES = YES;
				CLANG_ENABLE_OBJC_ARC = YES;
				CLANG_WARN_BOOL_CONVERSION = YES;
				CLANG_WARN_CONSTANT_CONVERSION = YES;
				CLANG_WARN_DIRECT_OBJC_ISA_USAGE = YES_ERROR;
				CLANG_WARN_DOCUMENTATION_COMMENTS = YES;
				CLANG_WARN_EMPTY_BODY = YES;
				CLANG_WARN_ENUM_CONVERSION = YES;
				CLANG_WARN_INFINITE_RECURSION = YES;
				CLANG_WARN_INT_CONVERSION = YES;
				CLANG_WARN_OBJC_ROOT_CLASS = YES_ERROR;
				CLANG_WARN_SUSPICIOUS_MOVE = YES;
				CLANG_WARN_UNREACHABLE_CODE = YES;
				CLANG_WARN__DUPLICATE_METHOD_MATCH = YES;
				"CODE_SIGN_IDENTITY[sdk=iphoneos*]" = "iPhone Developer";
				COPY_PHASE_STRIP = NO;
				DEBUG_INFORMATION_FORMAT = dwarf;
				ENABLE_STRICT_OBJC_MSGSEND = YES;
				ENABLE_TESTABILITY = YES;
				GCC_C_LANGUAGE_STANDARD = gnu99;
				GCC_DYNAMIC_NO_PIC = NO;
				GCC_NO_COMMON_BLOCKS = YES;
				GCC_OPTIMIZATION_LEVEL = 0;
				GCC_PREPROCESSOR_DEFINITIONS = (
					"DEBUG=1",
					"$(inherited)",
				);
				GCC_WARN_64_TO_32_BIT_CONVERSION = YES;
				GCC_WARN_ABOUT_RETURN_TYPE = YES_ERROR;
				GCC_WARN_UNDECLARED_SELECTOR = YES;
				GCC_WARN_UNINITIALIZED_AUTOS = YES_AGGRESSIVE;
				GCC_WARN_UNUSED_FUNCTION = YES;
				GCC_WARN_UNUSED_VARIABLE = YES;
				IPHONEOS_DEPLOYMENT_TARGET = 10.3;
				MTL_ENABLE_DEBUG_INFO = YES;
				ONLY_ACTIVE_ARCH = YES;
				SDKROOT = iphoneos;
				TARGETED_DEVICE_FAMILY = "1,2";
			};
			name = Debug;
		};
		596DA2681EFCA3AD00829617 /* Release */ = {
			isa = XCBuildConfiguration;
			buildSettings = {
				ALWAYS_SEARCH_USER_PATHS = NO;
				CLANG_ANALYZER_NONNULL = YES;
				CLANG_ANALYZER_NUMBER_OBJECT_CONVERSION = YES_AGGRESSIVE;
				CLANG_CXX_LANGUAGE_STANDARD = "gnu++0x";
				CLANG_CXX_LIBRARY = "libc++";
				CLANG_ENABLE_MODULES = YES;
				CLANG_ENABLE_OBJC_ARC = YES;
				CLANG_WARN_BOOL_CONVERSION = YES;
				CLANG_WARN_CONSTANT_CONVERSION = YES;
				CLANG_WARN_DIRECT_OBJC_ISA_USAGE = YES_ERROR;
				CLANG_WARN_DOCUMENTATION_COMMENTS = YES;
				CLANG_WARN_EMPTY_BODY = YES;
				CLANG_WARN_ENUM_CONVERSION = YES;
				CLANG_WARN_INFINITE_RECURSION = YES;
				CLANG_WARN_INT_CONVERSION = YES;
				CLANG_WARN_OBJC_ROOT_CLASS = YES_ERROR;
				CLANG_WARN_SUSPICIOUS_MOVE = YES;
				CLANG_WARN_UNREACHABLE_CODE = YES;
				CLANG_WARN__DUPLICATE_METHOD_MATCH = YES;
				"CODE_SIGN_IDENTITY[sdk=iphoneos*]" = "iPhone Developer";
				COPY_PHASE_STRIP = NO;
				DEBUG_INFORMATION_FORMAT = "dwarf-with-dsym";
				ENABLE_NS_ASSERTIONS = NO;
				ENABLE_STRICT_OBJC_MSGSEND = YES;
				GCC_C_LANGUAGE_STANDARD = gnu99;
				GCC_NO_COMMON_BLOCKS = YES;
				GCC_WARN_64_TO_32_BIT_CONVERSION = YES;
				GCC_WARN_ABOUT_RETURN_TYPE = YES_ERROR;
				GCC_WARN_UNDECLARED_SELECTOR = YES;
				GCC_WARN_UNINITIALIZED_AUTOS = YES_AGGRESSIVE;
				GCC_WARN_UNUSED_FUNCTION = YES;
				GCC_WARN_UNUSED_VARIABLE = YES;
				IPHONEOS_DEPLOYMENT_TARGET = 10.3;
				MTL_ENABLE_DEBUG_INFO = NO;
				SDKROOT = iphoneos;
				TARGETED_DEVICE_FAMILY = "1,2";
				VALIDATE_PRODUCT = YES;
			};
			name = Release;
		};
		596DA26A1EFCA3AD00829617 /* Debug */ = {
			isa = XCBuildConfiguration;
			baseConfigurationReference = 5C79F702DBC3C572CE765B7B /* Pods-iOSAppFrame.debug.xcconfig */;
			buildSettings = {
				ASSETCATALOG_COMPILER_APPICON_NAME = AppIcon;
				DEVELOPMENT_TEAM = B88A5C3Z52;
				GCC_PREFIX_HEADER = "$(SRCROOT)/iOSAppFrame/PrefixHeader.pch";
				INFOPLIST_FILE = iOSAppFrame/Info.plist;
				IPHONEOS_DEPLOYMENT_TARGET = 8.0;
				LD_RUNPATH_SEARCH_PATHS = "$(inherited) @executable_path/Frameworks";
				PRODUCT_BUNDLE_IDENTIFIER = com.chyrain.iOSAppFrame;
				PRODUCT_NAME = "$(TARGET_NAME)";
				TARGETED_DEVICE_FAMILY = "1,2";
			};
			name = Debug;
		};
		596DA26B1EFCA3AD00829617 /* Release */ = {
			isa = XCBuildConfiguration;
			baseConfigurationReference = E0C7F2404739191712046FE2 /* Pods-iOSAppFrame.release.xcconfig */;
			buildSettings = {
				ASSETCATALOG_COMPILER_APPICON_NAME = AppIcon;
				DEVELOPMENT_TEAM = B88A5C3Z52;
				GCC_PREFIX_HEADER = "$(SRCROOT)/iOSAppFrame/PrefixHeader.pch";
				INFOPLIST_FILE = iOSAppFrame/Info.plist;
				IPHONEOS_DEPLOYMENT_TARGET = 8.0;
				LD_RUNPATH_SEARCH_PATHS = "$(inherited) @executable_path/Frameworks";
				PRODUCT_BUNDLE_IDENTIFIER = com.chyrain.iOSAppFrame;
				PRODUCT_NAME = "$(TARGET_NAME)";
				TARGETED_DEVICE_FAMILY = "1,2";
			};
			name = Release;
		};
		596DA26D1EFCA3AD00829617 /* Debug */ = {
			isa = XCBuildConfiguration;
			buildSettings = {
				BUNDLE_LOADER = "$(TEST_HOST)";
				INFOPLIST_FILE = iOSAppFrameTests/Info.plist;
				LD_RUNPATH_SEARCH_PATHS = "$(inherited) @executable_path/Frameworks @loader_path/Frameworks";
				PRODUCT_BUNDLE_IDENTIFIER = com.chyrain.iOSAppFrameTests;
				PRODUCT_NAME = "$(TARGET_NAME)";
				TEST_HOST = "$(BUILT_PRODUCTS_DIR)/iOSAppFrame.app/iOSAppFrame";
			};
			name = Debug;
		};
		596DA26E1EFCA3AD00829617 /* Release */ = {
			isa = XCBuildConfiguration;
			buildSettings = {
				BUNDLE_LOADER = "$(TEST_HOST)";
				INFOPLIST_FILE = iOSAppFrameTests/Info.plist;
				LD_RUNPATH_SEARCH_PATHS = "$(inherited) @executable_path/Frameworks @loader_path/Frameworks";
				PRODUCT_BUNDLE_IDENTIFIER = com.chyrain.iOSAppFrameTests;
				PRODUCT_NAME = "$(TARGET_NAME)";
				TEST_HOST = "$(BUILT_PRODUCTS_DIR)/iOSAppFrame.app/iOSAppFrame";
			};
			name = Release;
		};
		596DA2701EFCA3AD00829617 /* Debug */ = {
			isa = XCBuildConfiguration;
			buildSettings = {
				INFOPLIST_FILE = iOSAppFrameUITests/Info.plist;
				LD_RUNPATH_SEARCH_PATHS = "$(inherited) @executable_path/Frameworks @loader_path/Frameworks";
				PRODUCT_BUNDLE_IDENTIFIER = com.chyrain.iOSAppFrameUITests;
				PRODUCT_NAME = "$(TARGET_NAME)";
				TEST_TARGET_NAME = iOSAppFrame;
			};
			name = Debug;
		};
		596DA2711EFCA3AD00829617 /* Release */ = {
			isa = XCBuildConfiguration;
			buildSettings = {
				INFOPLIST_FILE = iOSAppFrameUITests/Info.plist;
				LD_RUNPATH_SEARCH_PATHS = "$(inherited) @executable_path/Frameworks @loader_path/Frameworks";
				PRODUCT_BUNDLE_IDENTIFIER = com.chyrain.iOSAppFrameUITests;
				PRODUCT_NAME = "$(TARGET_NAME)";
				TEST_TARGET_NAME = iOSAppFrame;
			};
			name = Release;
		};
/* End XCBuildConfiguration section */

/* Begin XCConfigurationList section */
		596DA2371EFCA3AC00829617 /* Build configuration list for PBXProject "iOSAppFrame" */ = {
			isa = XCConfigurationList;
			buildConfigurations = (
				596DA2671EFCA3AD00829617 /* Debug */,
				596DA2681EFCA3AD00829617 /* Release */,
			);
			defaultConfigurationIsVisible = 0;
			defaultConfigurationName = Release;
		};
		596DA2691EFCA3AD00829617 /* Build configuration list for PBXNativeTarget "iOSAppFrame" */ = {
			isa = XCConfigurationList;
			buildConfigurations = (
				596DA26A1EFCA3AD00829617 /* Debug */,
				596DA26B1EFCA3AD00829617 /* Release */,
			);
			defaultConfigurationIsVisible = 0;
			defaultConfigurationName = Release;
		};
		596DA26C1EFCA3AD00829617 /* Build configuration list for PBXNativeTarget "iOSAppFrameTests" */ = {
			isa = XCConfigurationList;
			buildConfigurations = (
				596DA26D1EFCA3AD00829617 /* Debug */,
				596DA26E1EFCA3AD00829617 /* Release */,
			);
			defaultConfigurationIsVisible = 0;
			defaultConfigurationName = Release;
		};
		596DA26F1EFCA3AD00829617 /* Build configuration list for PBXNativeTarget "iOSAppFrameUITests" */ = {
			isa = XCConfigurationList;
			buildConfigurations = (
				596DA2701EFCA3AD00829617 /* Debug */,
				596DA2711EFCA3AD00829617 /* Release */,
			);
			defaultConfigurationIsVisible = 0;
			defaultConfigurationName = Release;
		};
/* End XCConfigurationList section */
	};
	rootObject = 596DA2341EFCA3AC00829617 /* Project object */;
}
